
Microsoft Visual Studio Solution File, Format Version 11.00
# Visual Studio 2010
Project("{8BC9CEB8-8B4A-11D0-8D11-00A0C91BC942}") = "A+B", "A+B\A+B.vcxproj", "{8E8FD110-9E70-40FC-A47C-5DF2BFB75410}"
EndProject
Global
	GlobalSection(SolutionConfigurationPlatforms) = preSolution
		Debug|Win32 = Debug|Win32
		Release|Win32 = Release|Win32
	EndGlobalSection
	GlobalSection(ProjectConfigurationPlatforms) = postSolution
		{8E8FD110-9E70-40FC-A47C-5DF2BFB75410}.Debug|Win32.ActiveCfg = Debug|Win32
		{8E8FD110-9E70-40FC-A47C-5DF2BFB75410}.Debug|Win32.Build.0 = Debug|Win32
		{8E8FD110-9E70-40FC-A47C-5DF2BFB75410}.Release|Win32.ActiveCfg = Release|Win32
		{8E8FD110-9E70-40FC-A47C-5DF2BFB75410}.Release|Win32.Build.0 = Release|Win32
	EndGlobalSection
	GlobalSection(SolutionProperties) = preSolution
		HideSolutionNode = FALSE
	EndGlobalSection
EndGlobal
